
Microsoft Visual Studio Solution File, Format Version 12.00
# Visual Studio 15
VisualStudioVersion = 15.0.28307.1259
MinimumVisualStudioVersion = 10.0.40219.1
Project("{FAE04EC0-301F-11D3-BF4B-00C04F79EFBC}") = "SmallBusiness.Sales.Costumers.UI", "SmallBusiness.Sales.Costumers.UI\SmallBusiness.Sales.Costumers.UI.csproj", "{8B1C8609-8222-485A-B490-761EFD8AEE9B}"
EndProject
Project("{FAE04EC0-301F-11D3-BF4B-00C04F79EFBC}") = "SmallBusiness.Sales.Costumers.DAL", "SmallBusiness.Sales.Costumers.DAL\SmallBusiness.Sales.Costumers.DAL.csproj", "{7ECE6F39-78BC-4DC5-B8AA-951688F769A6}"
EndProject
Project("{FAE04EC0-301F-11D3-BF4B-00C04F79EFBC}") = "SmallBusiness.Sales.Costumers.Model", "SmallBusiness.Sales.Costumers.Model\SmallBusiness.Sales.Costumers.Model.csproj", "{28CF35A9-3426-4721-98AE-CA8A4F16D118}"
EndProject
Project("{FAE04EC0-301F-11D3-BF4B-00C04F79EFBC}") = "SmallBusiness.Sales.Costumers.BLL", "SmallBusiness.Sales.Costumers.BLL\SmallBusiness.Sales.Costumers.BLL.csproj", "{9204C231-376D-4FA3-8495-74F8EBD39BD2}"
EndProject
Global
	GlobalSection(SolutionConfigurationPlatforms) = preSolution
		Debug|Any CPU = Debug|Any CPU
		Release|Any CPU = Release|Any CPU
	EndGlobalSection
	GlobalSection(ProjectConfigurationPlatforms) = postSolution
		{8B1C8609-8222-485A-B490-761EFD8AEE9B}.Debug|Any CPU.ActiveCfg = Debug|Any CPU
		{8B1C8609-8222-485A-B490-761EFD8AEE9B}.Debug|Any CPU.Build.0 = Debug|Any CPU
		{8B1C8609-8222-485A-B490-761EFD8AEE9B}.Release|Any CPU.ActiveCfg = Release|Any CPU
		{8B1C8609-8222-485A-B490-761EFD8AEE9B}.Release|Any CPU.Build.0 = Release|Any CPU
		{7ECE6F39-78BC-4DC5-B8AA-951688F769A6}.Debug|Any CPU.ActiveCfg = Debug|Any CPU
		{7ECE6F39-78BC-4DC5-B8AA-951688F769A6}.Debug|Any CPU.Build.0 = Debug|Any CPU
		{7ECE6F39-78BC-4DC5-B8AA-951688F769A6}.Release|Any CPU.ActiveCfg = Release|Any CPU
		{7ECE6F39-78BC-4DC5-B8AA-951688F769A6}.Release|Any CPU.Build.0 = Release|Any CPU
		{28CF35A9-3426-4721-98AE-CA8A4F16D118}.Debug|Any CPU.ActiveCfg = Debug|Any CPU
		{28CF35A9-3426-4721-98AE-CA8A4F16D118}.Debug|Any CPU.Build.0 = Debug|Any CPU
		{28CF35A9-3426-4721-98AE-CA8A4F16D118}.Release|Any CPU.ActiveCfg = Release|Any CPU
		{28CF35A9-3426-4721-98AE-CA8A4F16D118}.Release|Any CPU.Build.0 = Release|Any CPU
		{9204C231-376D-4FA3-8495-74F8EBD39BD2}.Debug|Any CPU.ActiveCfg = Debug|Any CPU
		{9204C231-376D-4FA3-8495-74F8EBD39BD2}.Debug|Any CPU.Build.0 = Debug|Any CPU
		{9204C231-376D-4FA3-8495-74F8EBD39BD2}.Release|Any CPU.ActiveCfg = Release|Any CPU
		{9204C231-376D-4FA3-8495-74F8EBD39BD2}.Release|Any CPU.Build.0 = Release|Any CPU
	EndGlobalSection
	GlobalSection(SolutionProperties) = preSolution
		HideSolutionNode = FALSE
	EndGlobalSection
	GlobalSection(ExtensibilityGlobals) = postSolution
		SolutionGuid = {9BDE5BDC-6877-4262-9CAF-72D1C9CDE3B4}
	EndGlobalSection
EndGlobal
